
Microsoft Visual Studio Solution File, Format Version 12.00
# Visual Studio Version 17
VisualStudioVersion = 17.4.33403.182
MinimumVisualStudioVersion = 10.0.40219.1
Project("{9A19103F-16F7-4668-BE54-9A1E7A4F7556}") = "InetTech_Practice1", "InetTech_Practice1\InetTech_Practice1.csproj", "{C85D7501-B637-4C86-BAD6-72BA70009E2A}"
EndProject
Project("{9A19103F-16F7-4668-BE54-9A1E7A4F7556}") = "InetTech_Practice2", "InetTech_Practice2\InetTech_Practice2.csproj", "{6D47B933-FB55-482B-9603-4FE8136A52F3}"
EndProject
Global
	GlobalSection(SolutionConfigurationPlatforms) = preSolution
		Debug|Any CPU = Debug|Any CPU
		Release|Any CPU = Release|Any CPU
	EndGlobalSection
	GlobalSection(ProjectConfigurationPlatforms) = postSolution
		{C85D7501-B637-4C86-BAD6-72BA70009E2A}.Debug|Any CPU.ActiveCfg = Debug|Any CPU
		{C85D7501-B637-4C86-BAD6-72BA70009E2A}.Debug|Any CPU.Build.0 = Debug|Any CPU
		{C85D7501-B637-4C86-BAD6-72BA70009E2A}.Release|Any CPU.ActiveCfg = Release|Any CPU
		{C85D7501-B637-4C86-BAD6-72BA70009E2A}.Release|Any CPU.Build.0 = Release|Any CPU
		{6D47B933-FB55-482B-9603-4FE8136A52F3}.Debug|Any CPU.ActiveCfg = Debug|Any CPU
		{6D47B933-FB55-482B-9603-4FE8136A52F3}.Debug|Any CPU.Build.0 = Debug|Any CPU
		{6D47B933-FB55-482B-9603-4FE8136A52F3}.Release|Any CPU.ActiveCfg = Release|Any CPU
		{6D47B933-FB55-482B-9603-4FE8136A52F3}.Release|Any CPU.Build.0 = Release|Any CPU
	EndGlobalSection
	GlobalSection(SolutionProperties) = preSolution
		HideSolutionNode = FALSE
	EndGlobalSection
	GlobalSection(ExtensibilityGlobals) = postSolution
		SolutionGuid = {BD6D46B6-7868-4FF6-B911-F023F61F52D2}
	EndGlobalSection
EndGlobal
