
Microsoft Visual Studio Solution File, Format Version 12.00
# Visual Studio Version 17
VisualStudioVersion = 17.4.33403.182
MinimumVisualStudioVersion = 10.0.40219.1
Project("{9A19103F-16F7-4668-BE54-9A1E7A4F7556}") = "InetTech_Practice1", "InetTech_Practice1\InetTech_Practice1.csproj", "{C85D7501-B637-4C86-BAD6-72BA70009E2A}"
EndProject
Project("{9A19103F-16F7-4668-BE54-9A1E7A4F7556}") = "InetTech_Practice2", "InetTech_Practice2\InetTech_Practice2.csproj", "{6D47B933-FB55-482B-9603-4FE8136A52F3}"
EndProject
Project("{9A19103F-16F7-4668-BE54-9A1E7A4F7556}") = "InetTech_SoapService", "InetTech_SoapService\InetTech_SoapService.csproj", "{74C476A4-F919-4D8D-9532-F296031B0A26}"
EndProject
Project("{9A19103F-16F7-4668-BE54-9A1E7A4F7556}") = "InetTech_SoapClient", "InetTech_SoapClient\InetTech_SoapClient.csproj", "{E67C403E-D022-40CF-8039-735EC8F0B6C8}"
EndProject
Project("{9A19103F-16F7-4668-BE54-9A1E7A4F7556}") = "InetTech_RestService", "InetTech_RestService\InetTech_RestService.csproj", "{7110EFF0-8886-4BD6-B2A5-5AB9A98F1983}"
EndProject
Project("{9A19103F-16F7-4668-BE54-9A1E7A4F7556}") = "InetTech_RestClient", "InetTech_RestClient\InetTech_RestClient.csproj", "{06D21E4C-E492-4907-A232-DC16276CACD0}"
EndProject
Project("{9A19103F-16F7-4668-BE54-9A1E7A4F7556}") = "InetTech_Rest_WebApp", "InetTech_Rest_WebApp\InetTech_Rest_WebApp.csproj", "{4ACBAE3C-2607-45E7-8DCE-FB90BB3E96E7}"
EndProject
Project("{FAE04EC0-301F-11D3-BF4B-00C04F79EFBC}") = "InetTech_Soap_WebApp", "InetTech_Soap_WebApp\InetTech_Soap_WebApp.csproj", "{4EE406EA-75E6-4FD8-91F4-9CE4503F3165}"
EndProject
Global
	GlobalSection(SolutionConfigurationPlatforms) = preSolution
		Debug|Any CPU = Debug|Any CPU
		Release|Any CPU = Release|Any CPU
	EndGlobalSection
	GlobalSection(ProjectConfigurationPlatforms) = postSolution
		{C85D7501-B637-4C86-BAD6-72BA70009E2A}.Debug|Any CPU.ActiveCfg = Debug|Any CPU
		{C85D7501-B637-4C86-BAD6-72BA70009E2A}.Debug|Any CPU.Build.0 = Debug|Any CPU
		{C85D7501-B637-4C86-BAD6-72BA70009E2A}.Release|Any CPU.ActiveCfg = Release|Any CPU
		{C85D7501-B637-4C86-BAD6-72BA70009E2A}.Release|Any CPU.Build.0 = Release|Any CPU
		{6D47B933-FB55-482B-9603-4FE8136A52F3}.Debug|Any CPU.ActiveCfg = Debug|Any CPU
		{6D47B933-FB55-482B-9603-4FE8136A52F3}.Debug|Any CPU.Build.0 = Debug|Any CPU
		{6D47B933-FB55-482B-9603-4FE8136A52F3}.Release|Any CPU.ActiveCfg = Release|Any CPU
		{6D47B933-FB55-482B-9603-4FE8136A52F3}.Release|Any CPU.Build.0 = Release|Any CPU
		{74C476A4-F919-4D8D-9532-F296031B0A26}.Debug|Any CPU.ActiveCfg = Debug|Any CPU
		{74C476A4-F919-4D8D-9532-F296031B0A26}.Debug|Any CPU.Build.0 = Debug|Any CPU
		{74C476A4-F919-4D8D-9532-F296031B0A26}.Release|Any CPU.ActiveCfg = Release|Any CPU
		{74C476A4-F919-4D8D-9532-F296031B0A26}.Release|Any CPU.Build.0 = Release|Any CPU
		{E67C403E-D022-40CF-8039-735EC8F0B6C8}.Debug|Any CPU.ActiveCfg = Debug|Any CPU
		{E67C403E-D022-40CF-8039-735EC8F0B6C8}.Debug|Any CPU.Build.0 = Debug|Any CPU
		{E67C403E-D022-40CF-8039-735EC8F0B6C8}.Release|Any CPU.ActiveCfg = Release|Any CPU
		{E67C403E-D022-40CF-8039-735EC8F0B6C8}.Release|Any CPU.Build.0 = Release|Any CPU
		{7110EFF0-8886-4BD6-B2A5-5AB9A98F1983}.Debug|Any CPU.ActiveCfg = Debug|Any CPU
		{7110EFF0-8886-4BD6-B2A5-5AB9A98F1983}.Debug|Any CPU.Build.0 = Debug|Any CPU
		{7110EFF0-8886-4BD6-B2A5-5AB9A98F1983}.Release|Any CPU.ActiveCfg = Release|Any CPU
		{7110EFF0-8886-4BD6-B2A5-5AB9A98F1983}.Release|Any CPU.Build.0 = Release|Any CPU
		{06D21E4C-E492-4907-A232-DC16276CACD0}.Debug|Any CPU.ActiveCfg = Debug|Any CPU
		{06D21E4C-E492-4907-A232-DC16276CACD0}.Debug|Any CPU.Build.0 = Debug|Any CPU
		{06D21E4C-E492-4907-A232-DC16276CACD0}.Release|Any CPU.ActiveCfg = Release|Any CPU
		{06D21E4C-E492-4907-A232-DC16276CACD0}.Release|Any CPU.Build.0 = Release|Any CPU
		{4ACBAE3C-2607-45E7-8DCE-FB90BB3E96E7}.Debug|Any CPU.ActiveCfg = Debug|Any CPU
		{4ACBAE3C-2607-45E7-8DCE-FB90BB3E96E7}.Debug|Any CPU.Build.0 = Debug|Any CPU
		{4ACBAE3C-2607-45E7-8DCE-FB90BB3E96E7}.Release|Any CPU.ActiveCfg = Release|Any CPU
		{4ACBAE3C-2607-45E7-8DCE-FB90BB3E96E7}.Release|Any CPU.Build.0 = Release|Any CPU
		{4EE406EA-75E6-4FD8-91F4-9CE4503F3165}.Debug|Any CPU.ActiveCfg = Debug|Any CPU
		{4EE406EA-75E6-4FD8-91F4-9CE4503F3165}.Debug|Any CPU.Build.0 = Debug|Any CPU
		{4EE406EA-75E6-4FD8-91F4-9CE4503F3165}.Release|Any CPU.ActiveCfg = Release|Any CPU
		{4EE406EA-75E6-4FD8-91F4-9CE4503F3165}.Release|Any CPU.Build.0 = Release|Any CPU
	EndGlobalSection
	GlobalSection(SolutionProperties) = preSolution
		HideSolutionNode = FALSE
	EndGlobalSection
	GlobalSection(ExtensibilityGlobals) = postSolution
		SolutionGuid = {BD6D46B6-7868-4FF6-B911-F023F61F52D2}
	EndGlobalSection
EndGlobal
